
Microsoft Visual Studio Solution File, Format Version 12.00
# Visual Studio Version 16
VisualStudioVersion = 16.0.30114.105
MinimumVisualStudioVersion = 10.0.40219.1
Project("{FAE04EC0-301F-11D3-BF4B-00C04F79EFBC}") = "TaskManager", "TaskManager\TaskManager.csproj", "{2CA673AE-B211-46B1-AA59-8E1B5CECCC94}"
EndProject
Project("{FAE04EC0-301F-11D3-BF4B-00C04F79EFBC}") = "TaskManager.Tests", "TaskManager.Tests\TaskManager.Tests.csproj", "{2F703269-42DD-4D5C-AAD2-35073C11C65E}"
EndProject
Global
	GlobalSection(SolutionConfigurationPlatforms) = preSolution
		Debug|Any CPU = Debug|Any CPU
		Debug|x64 = Debug|x64
		Debug|x86 = Debug|x86
		Release|Any CPU = Release|Any CPU
		Release|x64 = Release|x64
		Release|x86 = Release|x86
	EndGlobalSection
	GlobalSection(SolutionProperties) = preSolution
		HideSolutionNode = FALSE
	EndGlobalSection
	GlobalSection(ProjectConfigurationPlatforms) = postSolution
		{2CA673AE-B211-46B1-AA59-8E1B5CECCC94}.Debug|Any CPU.ActiveCfg = Debug|Any CPU
		{2CA673AE-B211-46B1-AA59-8E1B5CECCC94}.Debug|Any CPU.Build.0 = Debug|Any CPU
		{2CA673AE-B211-46B1-AA59-8E1B5CECCC94}.Debug|x64.ActiveCfg = Debug|Any CPU
		{2CA673AE-B211-46B1-AA59-8E1B5CECCC94}.Debug|x64.Build.0 = Debug|Any CPU
		{2CA673AE-B211-46B1-AA59-8E1B5CECCC94}.Debug|x86.ActiveCfg = Debug|Any CPU
		{2CA673AE-B211-46B1-AA59-8E1B5CECCC94}.Debug|x86.Build.0 = Debug|Any CPU
		{2CA673AE-B211-46B1-AA59-8E1B5CECCC94}.Release|Any CPU.ActiveCfg = Release|Any CPU
		{2CA673AE-B211-46B1-AA59-8E1B5CECCC94}.Release|Any CPU.Build.0 = Release|Any CPU
		{2CA673AE-B211-46B1-AA59-8E1B5CECCC94}.Release|x64.ActiveCfg = Release|Any CPU
		{2CA673AE-B211-46B1-AA59-8E1B5CECCC94}.Release|x64.Build.0 = Release|Any CPU
		{2CA673AE-B211-46B1-AA59-8E1B5CECCC94}.Release|x86.ActiveCfg = Release|Any CPU
		{2CA673AE-B211-46B1-AA59-8E1B5CECCC94}.Release|x86.Build.0 = Release|Any CPU
		{2F703269-42DD-4D5C-AAD2-35073C11C65E}.Debug|Any CPU.ActiveCfg = Debug|Any CPU
		{2F703269-42DD-4D5C-AAD2-35073C11C65E}.Debug|Any CPU.Build.0 = Debug|Any CPU
		{2F703269-42DD-4D5C-AAD2-35073C11C65E}.Debug|x64.ActiveCfg = Debug|Any CPU
		{2F703269-42DD-4D5C-AAD2-35073C11C65E}.Debug|x64.Build.0 = Debug|Any CPU
		{2F703269-42DD-4D5C-AAD2-35073C11C65E}.Debug|x86.ActiveCfg = Debug|Any CPU
		{2F703269-42DD-4D5C-AAD2-35073C11C65E}.Debug|x86.Build.0 = Debug|Any CPU
		{2F703269-42DD-4D5C-AAD2-35073C11C65E}.Release|Any CPU.ActiveCfg = Release|Any CPU
		{2F703269-42DD-4D5C-AAD2-35073C11C65E}.Release|Any CPU.Build.0 = Release|Any CPU
		{2F703269-42DD-4D5C-AAD2-35073C11C65E}.Release|x64.ActiveCfg = Release|Any CPU
		{2F703269-42DD-4D5C-AAD2-35073C11C65E}.Release|x64.Build.0 = Release|Any CPU
		{2F703269-42DD-4D5C-AAD2-35073C11C65E}.Release|x86.ActiveCfg = Release|Any CPU
		{2F703269-42DD-4D5C-AAD2-35073C11C65E}.Release|x86.Build.0 = Release|Any CPU
	EndGlobalSection
EndGlobal
